
Microsoft Visual Studio Solution File, Format Version 12.00
Project("{FAE04EC0-301F-11D3-BF4B-00C04F79EFBC}") = "EstClientLibrary", "EstClientLibrary\EstClientLibrary.csproj", "{87CE0E09-A490-4108-B1EC-8D7D74CE723C}"
EndProject
Project("{FAE04EC0-301F-11D3-BF4B-00C04F79EFBC}") = "EstClientLibrary.Tests", "EstClientLibrary.Tests\EstClientLibrary.Tests.csproj", "{5C1CFD48-BB8D-4CCF-910E-C407AD86C189}"
EndProject
Global
	GlobalSection(SolutionConfigurationPlatforms) = preSolution
		Debug|Any CPU = Debug|Any CPU
		Release|Any CPU = Release|Any CPU
	EndGlobalSection
	GlobalSection(ProjectConfigurationPlatforms) = postSolution
		{87CE0E09-A490-4108-B1EC-8D7D74CE723C}.Debug|Any CPU.ActiveCfg = Debug|Any CPU
		{87CE0E09-A490-4108-B1EC-8D7D74CE723C}.Debug|Any CPU.Build.0 = Debug|Any CPU
		{87CE0E09-A490-4108-B1EC-8D7D74CE723C}.Release|Any CPU.ActiveCfg = Release|Any CPU
		{87CE0E09-A490-4108-B1EC-8D7D74CE723C}.Release|Any CPU.Build.0 = Release|Any CPU
		{5C1CFD48-BB8D-4CCF-910E-C407AD86C189}.Debug|Any CPU.ActiveCfg = Debug|Any CPU
		{5C1CFD48-BB8D-4CCF-910E-C407AD86C189}.Debug|Any CPU.Build.0 = Debug|Any CPU
		{5C1CFD48-BB8D-4CCF-910E-C407AD86C189}.Release|Any CPU.ActiveCfg = Release|Any CPU
		{5C1CFD48-BB8D-4CCF-910E-C407AD86C189}.Release|Any CPU.Build.0 = Release|Any CPU
	EndGlobalSection
EndGlobal
